// !$*UTF8*$!
{
	archiveVersion = 1;
	classes = {
	};
	objectVersion = 50;
	objects = {

/* Begin PBXBuildFile section */
		213B1E4A22974BC1003A45F4 /* Utils.swift in Sources */ = {isa = PBXBuildFile; fileRef = 213B1E4922974BC1003A45F4 /* Utils.swift */; };
		213F0E55228B5A1900A3B891 /* Gun.swift in Sources */ = {isa = PBXBuildFile; fileRef = 213F0E54228B5A1900A3B891 /* Gun.swift */; };
		219C29882284DA1600848AF9 /* AppDelegate.swift in Sources */ = {isa = PBXBuildFile; fileRef = 219C29872284DA1600848AF9 /* AppDelegate.swift */; };
		219C298A2284DA1600848AF9 /* ViewController.swift in Sources */ = {isa = PBXBuildFile; fileRef = 219C29892284DA1600848AF9 /* ViewController.swift */; };
		219C298D2284DA1600848AF9 /* Main.storyboard in Resources */ = {isa = PBXBuildFile; fileRef = 219C298B2284DA1600848AF9 /* Main.storyboard */; };
		219C298F2284DA2000848AF9 /* Assets.xcassets in Resources */ = {isa = PBXBuildFile; fileRef = 219C298E2284DA2000848AF9 /* Assets.xcassets */; };
		219C29922284DA2000848AF9 /* LaunchScreen.storyboard in Resources */ = {isa = PBXBuildFile; fileRef = 219C29902284DA2000848AF9 /* LaunchScreen.storyboard */; };
		219C299B2284DB3A00848AF9 /* art.scnassets in Resources */ = {isa = PBXBuildFile; fileRef = 219C299A2284DB3A00848AF9 /* art.scnassets */; };
		219C299E2284DF7000848AF9 /* Creature.swift in Sources */ = {isa = PBXBuildFile; fileRef = 219C299D2284DF7000848AF9 /* Creature.swift */; };
		219C29A12284E23400848AF9 /* Player.swift in Sources */ = {isa = PBXBuildFile; fileRef = 219C29A02284E23400848AF9 /* Player.swift */; };
		49B66687E8A8D55E8BFFF927 /* Pods_iOSJRpg.framework in Frameworks */ = {isa = PBXBuildFile; fileRef = D2A99985D226861303096948 /* Pods_iOSJRpg.framework */; };
/* End PBXBuildFile section */

/* Begin PBXFileReference section */
		1310A7110D7E5A4BE942C9D2 /* Pods-iOSJRpg.debug.xcconfig */ = {isa = PBXFileReference; includeInIndex = 1; lastKnownFileType = text.xcconfig; name = "Pods-iOSJRpg.debug.xcconfig"; path = "Pods/Target Support Files/Pods-iOSJRpg/Pods-iOSJRpg.debug.xcconfig"; sourceTree = "<group>"; };
		213B1E4922974BC1003A45F4 /* Utils.swift */ = {isa = PBXFileReference; lastKnownFileType = sourcecode.swift; path = Utils.swift; sourceTree = "<group>"; };
		213F0E54228B5A1900A3B891 /* Gun.swift */ = {isa = PBXFileReference; lastKnownFileType = sourcecode.swift; path = Gun.swift; sourceTree = "<group>"; };
		219C29842284DA1600848AF9 /* iOSJRpg.app */ = {isa = PBXFileReference; explicitFileType = wrapper.application; includeInIndex = 0; path = iOSJRpg.app; sourceTree = BUILT_PRODUCTS_DIR; };
		219C29872284DA1600848AF9 /* AppDelegate.swift */ = {isa = PBXFileReference; lastKnownFileType = sourcecode.swift; path = AppDelegate.swift; sourceTree = "<group>"; };
		219C29892284DA1600848AF9 /* ViewController.swift */ = {isa = PBXFileReference; lastKnownFileType = sourcecode.swift; path = ViewController.swift; sourceTree = "<group>"; };
		219C298C2284DA1600848AF9 /* Base */ = {isa = PBXFileReference; lastKnownFileType = file.storyboard; name = Base; path = Base.lproj/Main.storyboard; sourceTree = "<group>"; };
		219C298E2284DA2000848AF9 /* Assets.xcassets */ = {isa = PBXFileReference; lastKnownFileType = folder.assetcatalog; path = Assets.xcassets; sourceTree = "<group>"; };
		219C29912284DA2000848AF9 /* Base */ = {isa = PBXFileReference; lastKnownFileType = file.storyboard; name = Base; path = Base.lproj/LaunchScreen.storyboard; sourceTree = "<group>"; };
		219C29932284DA2000848AF9 /* Info.plist */ = {isa = PBXFileReference; lastKnownFileType = text.plist.xml; path = Info.plist; sourceTree = "<group>"; };
		219C299A2284DB3A00848AF9 /* art.scnassets */ = {isa = PBXFileReference; lastKnownFileType = wrapper.scnassets; path = art.scnassets; sourceTree = "<group>"; };
		219C299D2284DF7000848AF9 /* Creature.swift */ = {isa = PBXFileReference; lastKnownFileType = sourcecode.swift; path = Creature.swift; sourceTree = "<group>"; };
		219C29A02284E23400848AF9 /* Player.swift */ = {isa = PBXFileReference; lastKnownFileType = sourcecode.swift; path = Player.swift; sourceTree = "<group>"; };
		D2A99985D226861303096948 /* Pods_iOSJRpg.framework */ = {isa = PBXFileReference; explicitFileType = wrapper.framework; includeInIndex = 0; path = Pods_iOSJRpg.framework; sourceTree = BUILT_PRODUCTS_DIR; };
		DFE252879953846737644EF6 /* Pods-iOSJRpg.release.xcconfig */ = {isa = PBXFileReference; includeInIndex = 1; lastKnownFileType = text.xcconfig; name = "Pods-iOSJRpg.release.xcconfig"; path = "Pods/Target Support Files/Pods-iOSJRpg/Pods-iOSJRpg.release.xcconfig"; sourceTree = "<group>"; };
/* End PBXFileReference section */

/* Begin PBXFrameworksBuildPhase section */
		219C29812284DA1600848AF9 /* Frameworks */ = {
			isa = PBXFrameworksBuildPhase;
			buildActionMask = 2147483647;
			files = (
				49B66687E8A8D55E8BFFF927 /* Pods_iOSJRpg.framework in Frameworks */,
			);
			runOnlyForDeploymentPostprocessing = 0;
		};
/* End PBXFrameworksBuildPhase section */

/* Begin PBXGroup section */
		2138F4912297095B00A44F01 /* UI */ = {
			isa = PBXGroup;
			children = (
			);
			path = UI;
			sourceTree = "<group>";
		};
		213B1E4822974BA9003A45F4 /* Utils */ = {
			isa = PBXGroup;
			children = (
				213B1E4922974BC1003A45F4 /* Utils.swift */,
			);
			path = Utils;
			sourceTree = "<group>";
		};
		219C297B2284DA1600848AF9 = {
			isa = PBXGroup;
			children = (
				219C29862284DA1600848AF9 /* iOSJRpg */,
				219C29852284DA1600848AF9 /* Products */,
				A9E8E69C02E0FA10260C2008 /* Pods */,
				4E8308BD430CA09848BED958 /* Frameworks */,
			);
			sourceTree = "<group>";
		};
		219C29852284DA1600848AF9 /* Products */ = {
			isa = PBXGroup;
			children = (
				219C29842284DA1600848AF9 /* iOSJRpg.app */,
			);
			name = Products;
			sourceTree = "<group>";
		};
		219C29862284DA1600848AF9 /* iOSJRpg */ = {
			isa = PBXGroup;
			children = (
				219C299A2284DB3A00848AF9 /* art.scnassets */,
				219C29992284DB2000848AF9 /* Models */,
				219C29872284DA1600848AF9 /* AppDelegate.swift */,
				219C29892284DA1600848AF9 /* ViewController.swift */,
				219C298B2284DA1600848AF9 /* Main.storyboard */,
				219C298E2284DA2000848AF9 /* Assets.xcassets */,
				219C29902284DA2000848AF9 /* LaunchScreen.storyboard */,
				219C29932284DA2000848AF9 /* Info.plist */,
			);
			path = iOSJRpg;
			sourceTree = "<group>";
		};
		219C29992284DB2000848AF9 /* Models */ = {
			isa = PBXGroup;
			children = (
				213B1E4822974BA9003A45F4 /* Utils */,
				2138F4912297095B00A44F01 /* UI */,
				219C299F2284E22C00848AF9 /* Player */,
				219C299C2284DF6000848AF9 /* AbstractClass */,
			);
			path = Models;
			sourceTree = "<group>";
		};
		219C299C2284DF6000848AF9 /* AbstractClass */ = {
			isa = PBXGroup;
			children = (
				219C299D2284DF7000848AF9 /* Creature.swift */,
				213F0E54228B5A1900A3B891 /* Gun.swift */,
			);
			path = AbstractClass;
			sourceTree = "<group>";
		};
		219C299F2284E22C00848AF9 /* Player */ = {
			isa = PBXGroup;
			children = (
				219C29A02284E23400848AF9 /* Player.swift */,
			);
			path = Player;
			sourceTree = "<group>";
		};
		4E8308BD430CA09848BED958 /* Frameworks */ = {
			isa = PBXGroup;
			children = (
				D2A99985D226861303096948 /* Pods_iOSJRpg.framework */,
			);
			name = Frameworks;
			sourceTree = "<group>";
		};
		A9E8E69C02E0FA10260C2008 /* Pods */ = {
			isa = PBXGroup;
			children = (
				1310A7110D7E5A4BE942C9D2 /* Pods-iOSJRpg.debug.xcconfig */,
				DFE252879953846737644EF6 /* Pods-iOSJRpg.release.xcconfig */,
			);
			name = Pods;
			sourceTree = "<group>";
		};
/* End PBXGroup section */

/* Begin PBXNativeTarget section */
		219C29832284DA1600848AF9 /* iOSJRpg */ = {
			isa = PBXNativeTarget;
			buildConfigurationList = 219C29962284DA2000848AF9 /* Build configuration list for PBXNativeTarget "iOSJRpg" */;
			buildPhases = (
				06A7E59EE53418E5E8402469 /* [CP] Check Pods Manifest.lock */,
				219C29802284DA1600848AF9 /* Sources */,
				219C29812284DA1600848AF9 /* Frameworks */,
				219C29822284DA1600848AF9 /* Resources */,
				9F3C0B5642C6CE2AD5DCFAD1 /* [CP] Embed Pods Frameworks */,
			);
			buildRules = (
			);
			dependencies = (
			);
			name = iOSJRpg;
			productName = iOSJRpg;
			productReference = 219C29842284DA1600848AF9 /* iOSJRpg.app */;
			productType = "com.apple.product-type.application";
		};
/* End PBXNativeTarget section */

/* Begin PBXProject section */
		219C297C2284DA1600848AF9 /* Project object */ = {
			isa = PBXProject;
			attributes = {
				LastSwiftUpdateCheck = 1020;
				LastUpgradeCheck = 1020;
				ORGANIZATIONNAME = chauteco;
				TargetAttributes = {
					219C29832284DA1600848AF9 = {
						CreatedOnToolsVersion = 10.2.1;
					};
				};
			};
			buildConfigurationList = 219C297F2284DA1600848AF9 /* Build configuration list for PBXProject "iOSJRpg" */;
			compatibilityVersion = "Xcode 9.3";
			developmentRegion = en;
			hasScannedForEncodings = 0;
			knownRegions = (
				en,
				Base,
			);
			mainGroup = 219C297B2284DA1600848AF9;
			productRefGroup = 219C29852284DA1600848AF9 /* Products */;
			projectDirPath = "";
			projectRoot = "";
			targets = (
				219C29832284DA1600848AF9 /* iOSJRpg */,
			);
		};
/* End PBXProject section */

/* Begin PBXResourcesBuildPhase section */
		219C29822284DA1600848AF9 /* Resources */ = {
			isa = PBXResourcesBuildPhase;
			buildActionMask = 2147483647;
			files = (
				219C29922284DA2000848AF9 /* LaunchScreen.storyboard in Resources */,
				219C299B2284DB3A00848AF9 /* art.scnassets in Resources */,
				219C298F2284DA2000848AF9 /* Assets.xcassets in Resources */,
				219C298D2284DA1600848AF9 /* Main.storyboard in Resources */,
			);
			runOnlyForDeploymentPostprocessing = 0;
		};
/* End PBXResourcesBuildPhase section */

/* Begin PBXShellScriptBuildPhase section */
		06A7E59EE53418E5E8402469 /* [CP] Check Pods Manifest.lock */ = {
			isa = PBXShellScriptBuildPhase;
			buildActionMask = 2147483647;
			files = (
			);
			inputFileListPaths = (
			);
			inputPaths = (
				"${PODS_PODFILE_DIR_PATH}/Podfile.lock",
				"${PODS_ROOT}/Manifest.lock",
			);
			name = "[CP] Check Pods Manifest.lock";
			outputFileListPaths = (
			);
			outputPaths = (
				"$(DERIVED_FILE_DIR)/Pods-iOSJRpg-checkManifestLockResult.txt",
			);
			runOnlyForDeploymentPostprocessing = 0;
			shellPath = /bin/sh;
			shellScript = "diff \"${PODS_PODFILE_DIR_PATH}/Podfile.lock\" \"${PODS_ROOT}/Manifest.lock\" > /dev/null\nif [ $? != 0 ] ; then\n    # print error to STDERR\n    echo \"error: The sandbox is not in sync with the Podfile.lock. Run 'pod install' or update your CocoaPods installation.\" >&2\n    exit 1\nfi\n# This output is used by Xcode 'outputs' to avoid re-running this script phase.\necho \"SUCCESS\" > \"${SCRIPT_OUTPUT_FILE_0}\"\n";
			showEnvVarsInLog = 0;
		};
		9F3C0B5642C6CE2AD5DCFAD1 /* [CP] Embed Pods Frameworks */ = {
			isa = PBXShellScriptBuildPhase;
			buildActionMask = 2147483647;
			files = (
			);
			inputFileListPaths = (
			);
			inputPaths = (
				"${SRCROOT}/Pods/Target Support Files/Pods-iOSJRpg/Pods-iOSJRpg-frameworks.sh",
				"${BUILT_PRODUCTS_DIR}/CDJoystick/CDJoystick.framework",
			);
			name = "[CP] Embed Pods Frameworks";
			outputFileListPaths = (
			);
			outputPaths = (
				"${TARGET_BUILD_DIR}/${FRAMEWORKS_FOLDER_PATH}/CDJoystick.framework",
			);
			runOnlyForDeploymentPostprocessing = 0;
			shellPath = /bin/sh;
			shellScript = "\"${SRCROOT}/Pods/Target Support Files/Pods-iOSJRpg/Pods-iOSJRpg-frameworks.sh\"\n";
			showEnvVarsInLog = 0;
		};
/* End PBXShellScriptBuildPhase section */

/* Begin PBXSourcesBuildPhase section */
		219C29802284DA1600848AF9 /* Sources */ = {
			isa = PBXSourcesBuildPhase;
			buildActionMask = 2147483647;
			files = (
				219C29A12284E23400848AF9 /* Player.swift in Sources */,
				219C298A2284DA1600848AF9 /* ViewController.swift in Sources */,
				219C29882284DA1600848AF9 /* AppDelegate.swift in Sources */,
				213F0E55228B5A1900A3B891 /* Gun.swift in Sources */,
				219C299E2284DF7000848AF9 /* Creature.swift in Sources */,
				213B1E4A22974BC1003A45F4 /* Utils.swift in Sources */,
			);
			runOnlyForDeploymentPostprocessing = 0;
		};
/* End PBXSourcesBuildPhase section */

/* Begin PBXVariantGroup section */
		219C298B2284DA1600848AF9 /* Main.storyboard */ = {
			isa = PBXVariantGroup;
			children = (
				219C298C2284DA1600848AF9 /* Base */,
			);
			name = Main.storyboard;
			sourceTree = "<group>";
		};
		219C29902284DA2000848AF9 /* LaunchScreen.storyboard */ = {
			isa = PBXVariantGroup;
			children = (
				219C29912284DA2000848AF9 /* Base */,
			);
			name = LaunchScreen.storyboard;
			sourceTree = "<group>";
		};
/* End PBXVariantGroup section */

/* Begin XCBuildConfiguration section */
		219C29942284DA2000848AF9 /* Debug */ = {
			isa = XCBuildConfiguration;
			buildSettings = {
				ALWAYS_SEARCH_USER_PATHS = NO;
				CLANG_ANALYZER_NONNULL = YES;
				CLANG_ANALYZER_NUMBER_OBJECT_CONVERSION = YES_AGGRESSIVE;
				CLANG_CXX_LANGUAGE_STANDARD = "gnu++14";
				CLANG_CXX_LIBRARY = "libc++";
				CLANG_ENABLE_MODULES = YES;
				CLANG_ENABLE_OBJC_ARC = YES;
				CLANG_ENABLE_OBJC_WEAK = YES;
				CLANG_WARN_BLOCK_CAPTURE_AUTORELEASING = YES;
				CLANG_WARN_BOOL_CONVERSION = YES;
				CLANG_WARN_COMMA = YES;
				CLANG_WARN_CONSTANT_CONVERSION = YES;
				CLANG_WARN_DEPRECATED_OBJC_IMPLEMENTATIONS = YES;
				CLANG_WARN_DIRECT_OBJC_ISA_USAGE = YES_ERROR;
				CLANG_WARN_DOCUMENTATION_COMMENTS = YES;
				CLANG_WARN_EMPTY_BODY = YES;
				CLANG_WARN_ENUM_CONVERSION = YES;
				CLANG_WARN_INFINITE_RECURSION = YES;
				CLANG_WARN_INT_CONVERSION = YES;
				CLANG_WARN_NON_LITERAL_NULL_CONVERSION = YES;
				CLANG_WARN_OBJC_IMPLICIT_RETAIN_SELF = YES;
				CLANG_WARN_OBJC_LITERAL_CONVERSION = YES;
				CLANG_WARN_OBJC_ROOT_CLASS = YES_ERROR;
				CLANG_WARN_RANGE_LOOP_ANALYSIS = YES;
				CLANG_WARN_STRICT_PROTOTYPES = YES;
				CLANG_WARN_SUSPICIOUS_MOVE = YES;
				CLANG_WARN_UNGUARDED_AVAILABILITY = YES_AGGRESSIVE;
				CLANG_WARN_UNREACHABLE_CODE = YES;
				CLANG_WARN__DUPLICATE_METHOD_MATCH = YES;
				CODE_SIGN_IDENTITY = "iPhone Developer";
				COPY_PHASE_STRIP = NO;
				DEBUG_INFORMATION_FORMAT = dwarf;
				ENABLE_STRICT_OBJC_MSGSEND = YES;
				ENABLE_TESTABILITY = YES;
				GCC_C_LANGUAGE_STANDARD = gnu11;
				GCC_DYNAMIC_NO_PIC = NO;
				GCC_NO_COMMON_BLOCKS = YES;
				GCC_OPTIMIZATION_LEVEL = 0;
				GCC_PREPROCESSOR_DEFINITIONS = (
					"DEBUG=1",
					"$(inherited)",
				);
				GCC_WARN_64_TO_32_BIT_CONVERSION = YES;
				GCC_WARN_ABOUT_RETURN_TYPE = YES_ERROR;
				GCC_WARN_UNDECLARED_SELECTOR = YES;
				GCC_WARN_UNINITIALIZED_AUTOS = YES_AGGRESSIVE;
				GCC_WARN_UNUSED_FUNCTION = YES;
				GCC_WARN_UNUSED_VARIABLE = YES;
				IPHONEOS_DEPLOYMENT_TARGET = 12.2;
				MTL_ENABLE_DEBUG_INFO = INCLUDE_SOURCE;
				MTL_FAST_MATH = YES;
				ONLY_ACTIVE_ARCH = YES;
				SDKROOT = iphoneos;
				SWIFT_ACTIVE_COMPILATION_CONDITIONS = DEBUG;
				SWIFT_OPTIMIZATION_LEVEL = "-Onone";
			};
			name = Debug;
		};
		219C29952284DA2000848AF9 /* Release */ = {
			isa = XCBuildConfiguration;
			buildSettings = {
				ALWAYS_SEARCH_USER_PATHS = NO;
				CLANG_ANALYZER_NONNULL = YES;
				CLANG_ANALYZER_NUMBER_OBJECT_CONVERSION = YES_AGGRESSIVE;
				CLANG_CXX_LANGUAGE_STANDARD = "gnu++14";
				CLANG_CXX_LIBRARY = "libc++";
				CLANG_ENABLE_MODULES = YES;
				CLANG_ENABLE_OBJC_ARC = YES;
				CLANG_ENABLE_OBJC_WEAK = YES;
				CLANG_WARN_BLOCK_CAPTURE_AUTORELEASING = YES;
				CLANG_WARN_BOOL_CONVERSION = YES;
				CLANG_WARN_COMMA = YES;
				CLANG_WARN_CONSTANT_CONVERSION = YES;
				CLANG_WARN_DEPRECATED_OBJC_IMPLEMENTATIONS = YES;
				CLANG_WARN_DIRECT_OBJC_ISA_USAGE = YES_ERROR;
				CLANG_WARN_DOCUMENTATION_COMMENTS = YES;
				CLANG_WARN_EMPTY_BODY = YES;
				CLANG_WARN_ENUM_CONVERSION = YES;
				CLANG_WARN_INFINITE_RECURSION = YES;
				CLANG_WARN_INT_CONVERSION = YES;
				CLANG_WARN_NON_LITERAL_NULL_CONVERSION = YES;
				CLANG_WARN_OBJC_IMPLICIT_RETAIN_SELF = YES;
				CLANG_WARN_OBJC_LITERAL_CONVERSION = YES;
				CLANG_WARN_OBJC_ROOT_CLASS = YES_ERROR;
				CLANG_WARN_RANGE_LOOP_ANALYSIS = YES;
				CLANG_WARN_STRICT_PROTOTYPES = YES;
				CLANG_WARN_SUSPICIOUS_MOVE = YES;
				CLANG_WARN_UNGUARDED_AVAILABILITY = YES_AGGRESSIVE;
				CLANG_WARN_UNREACHABLE_CODE = YES;
				CLANG_WARN__DUPLICATE_METHOD_MATCH = YES;
				CODE_SIGN_IDENTITY = "iPhone Developer";
				COPY_PHASE_STRIP = NO;
				DEBUG_INFORMATION_FORMAT = "dwarf-with-dsym";
				ENABLE_NS_ASSERTIONS = NO;
				ENABLE_STRICT_OBJC_MSGSEND = YES;
				GCC_C_LANGUAGE_STANDARD = gnu11;
				GCC_NO_COMMON_BLOCKS = YES;
				GCC_WARN_64_TO_32_BIT_CONVERSION = YES;
				GCC_WARN_ABOUT_RETURN_TYPE = YES_ERROR;
				GCC_WARN_UNDECLARED_SELECTOR = YES;
				GCC_WARN_UNINITIALIZED_AUTOS = YES_AGGRESSIVE;
				GCC_WARN_UNUSED_FUNCTION = YES;
				GCC_WARN_UNUSED_VARIABLE = YES;
				IPHONEOS_DEPLOYMENT_TARGET = 12.2;
				MTL_ENABLE_DEBUG_INFO = NO;
				MTL_FAST_MATH = YES;
				SDKROOT = iphoneos;
				SWIFT_COMPILATION_MODE = wholemodule;
				SWIFT_OPTIMIZATION_LEVEL = "-O";
				VALIDATE_PRODUCT = YES;
			};
			name = Release;
		};
		219C29972284DA2000848AF9 /* Debug */ = {
			isa = XCBuildConfiguration;
			baseConfigurationReference = 1310A7110D7E5A4BE942C9D2 /* Pods-iOSJRpg.debug.xcconfig */;
			buildSettings = {
				ASSETCATALOG_COMPILER_APPICON_NAME = AppIcon;
				CODE_SIGN_STYLE = Automatic;
				DEVELOPMENT_TEAM = 32M7976Q92;
				INFOPLIST_FILE = iOSJRpg/Info.plist;
				LD_RUNPATH_SEARCH_PATHS = (
					"$(inherited)",
					"@executable_path/Frameworks",
				);
				PRODUCT_BUNDLE_IDENTIFIER = chauteco.com.iOSJRpg;
				PRODUCT_NAME = "$(TARGET_NAME)";
				SWIFT_VERSION = 5.0;
				TARGETED_DEVICE_FAMILY = "1,2";
			};
			name = Debug;
		};
		219C29982284DA2000848AF9 /* Release */ = {
			isa = XCBuildConfiguration;
			baseConfigurationReference = DFE252879953846737644EF6 /* Pods-iOSJRpg.release.xcconfig */;
			buildSettings = {
				ASSETCATALOG_COMPILER_APPICON_NAME = AppIcon;
				CODE_SIGN_STYLE = Automatic;
				DEVELOPMENT_TEAM = 32M7976Q92;
				INFOPLIST_FILE = iOSJRpg/Info.plist;
				LD_RUNPATH_SEARCH_PATHS = (
					"$(inherited)",
					"@executable_path/Frameworks",
				);
				PRODUCT_BUNDLE_IDENTIFIER = chauteco.com.iOSJRpg;
				PRODUCT_NAME = "$(TARGET_NAME)";
				SWIFT_VERSION = 5.0;
				TARGETED_DEVICE_FAMILY = "1,2";
			};
			name = Release;
		};
/* End XCBuildConfiguration section */

/* Begin XCConfigurationList section */
		219C297F2284DA1600848AF9 /* Build configuration list for PBXProject "iOSJRpg" */ = {
			isa = XCConfigurationList;
			buildConfigurations = (
				219C29942284DA2000848AF9 /* Debug */,
				219C29952284DA2000848AF9 /* Release */,
			);
			defaultConfigurationIsVisible = 0;
			defaultConfigurationName = Release;
		};
		219C29962284DA2000848AF9 /* Build configuration list for PBXNativeTarget "iOSJRpg" */ = {
			isa = XCConfigurationList;
			buildConfigurations = (
				219C29972284DA2000848AF9 /* Debug */,
				219C29982284DA2000848AF9 /* Release */,
			);
			defaultConfigurationIsVisible = 0;
			defaultConfigurationName = Release;
		};
/* End XCConfigurationList section */
	};
	rootObject = 219C297C2284DA1600848AF9 /* Project object */;
}
